
Microsoft Visual Studio Solution File, Format Version 12.00
# Visual Studio Version 16
VisualStudioVersion = 16.0.29424.173
MinimumVisualStudioVersion = 10.0.40219.1
Project("{9A19103F-16F7-4668-BE54-9A1E7A4F7556}") = "APICore.API", "APICore.API\APICore.API.csproj", "{4E915B26-453F-479F-A17F-2CE8F3C9B43D}"
EndProject
Project("{9A19103F-16F7-4668-BE54-9A1E7A4F7556}") = "APICore.Data", "APICore.Data\APICore.Data.csproj", "{64DABB67-54DC-439D-A213-B386DFA348B5}"
EndProject
Project("{9A19103F-16F7-4668-BE54-9A1E7A4F7556}") = "APICore.Common", "APICore.Common\APICore.Common.csproj", "{7A0F9005-F418-42F5-89DD-0A869F6E6069}"
EndProject
Project("{9A19103F-16F7-4668-BE54-9A1E7A4F7556}") = "APICore.Services", "APICore.Services\APICore.Services.csproj", "{1EDF51B2-2B36-4197-B670-75F92B457EF9}"
EndProject
Project("{9A19103F-16F7-4668-BE54-9A1E7A4F7556}") = "APICore.Tests", "APICore.Test\APICore.Tests.csproj", "{C2DA2660-3060-4E3F-B423-A34572EBB90B}"
EndProject
Global
	GlobalSection(SolutionConfigurationPlatforms) = preSolution
		Debug|Any CPU = Debug|Any CPU
		Release|Any CPU = Release|Any CPU
	EndGlobalSection
	GlobalSection(ProjectConfigurationPlatforms) = postSolution
		{4E915B26-453F-479F-A17F-2CE8F3C9B43D}.Debug|Any CPU.ActiveCfg = Debug|Any CPU
		{4E915B26-453F-479F-A17F-2CE8F3C9B43D}.Debug|Any CPU.Build.0 = Debug|Any CPU
		{4E915B26-453F-479F-A17F-2CE8F3C9B43D}.Release|Any CPU.ActiveCfg = Release|Any CPU
		{4E915B26-453F-479F-A17F-2CE8F3C9B43D}.Release|Any CPU.Build.0 = Release|Any CPU
		{64DABB67-54DC-439D-A213-B386DFA348B5}.Debug|Any CPU.ActiveCfg = Debug|Any CPU
		{64DABB67-54DC-439D-A213-B386DFA348B5}.Debug|Any CPU.Build.0 = Debug|Any CPU
		{64DABB67-54DC-439D-A213-B386DFA348B5}.Release|Any CPU.ActiveCfg = Release|Any CPU
		{64DABB67-54DC-439D-A213-B386DFA348B5}.Release|Any CPU.Build.0 = Release|Any CPU
		{7A0F9005-F418-42F5-89DD-0A869F6E6069}.Debug|Any CPU.ActiveCfg = Debug|Any CPU
		{7A0F9005-F418-42F5-89DD-0A869F6E6069}.Debug|Any CPU.Build.0 = Debug|Any CPU
		{7A0F9005-F418-42F5-89DD-0A869F6E6069}.Release|Any CPU.ActiveCfg = Release|Any CPU
		{7A0F9005-F418-42F5-89DD-0A869F6E6069}.Release|Any CPU.Build.0 = Release|Any CPU
		{1EDF51B2-2B36-4197-B670-75F92B457EF9}.Debug|Any CPU.ActiveCfg = Debug|Any CPU
		{1EDF51B2-2B36-4197-B670-75F92B457EF9}.Debug|Any CPU.Build.0 = Debug|Any CPU
		{1EDF51B2-2B36-4197-B670-75F92B457EF9}.Release|Any CPU.ActiveCfg = Release|Any CPU
		{1EDF51B2-2B36-4197-B670-75F92B457EF9}.Release|Any CPU.Build.0 = Release|Any CPU
		{C2DA2660-3060-4E3F-B423-A34572EBB90B}.Debug|Any CPU.ActiveCfg = Debug|Any CPU
		{C2DA2660-3060-4E3F-B423-A34572EBB90B}.Debug|Any CPU.Build.0 = Debug|Any CPU
		{C2DA2660-3060-4E3F-B423-A34572EBB90B}.Release|Any CPU.ActiveCfg = Release|Any CPU
		{C2DA2660-3060-4E3F-B423-A34572EBB90B}.Release|Any CPU.Build.0 = Release|Any CPU
	EndGlobalSection
	GlobalSection(SolutionProperties) = preSolution
		HideSolutionNode = FALSE
	EndGlobalSection
	GlobalSection(ExtensibilityGlobals) = postSolution
		SolutionGuid = {AFC71766-EF15-4CC7-9499-599F13AD6BA6}
	EndGlobalSection
EndGlobal
